// !$*UTF8*$!
{
	archiveVersion = 1;
	classes = {
	};
	objectVersion = 56;
	objects = {

/* Begin PBXBuildFile section */
		5C11C2882AD461770032220A /* AppDelegate.swift in Sources */ = {isa = PBXBuildFile; fileRef = 5C11C2872AD461770032220A /* AppDelegate.swift */; };
		5C11C28A2AD461770032220A /* SceneDelegate.swift in Sources */ = {isa = PBXBuildFile; fileRef = 5C11C2892AD461770032220A /* SceneDelegate.swift */; };
		5C11C28C2AD461770032220A /* ViewController.swift in Sources */ = {isa = PBXBuildFile; fileRef = 5C11C28B2AD461770032220A /* ViewController.swift */; };
		5C11C28F2AD461770032220A /* Main.storyboard in Resources */ = {isa = PBXBuildFile; fileRef = 5C11C28D2AD461770032220A /* Main.storyboard */; };
		5C11C2912AD461780032220A /* Assets.xcassets in Resources */ = {isa = PBXBuildFile; fileRef = 5C11C2902AD461780032220A /* Assets.xcassets */; };
		5C11C2942AD461780032220A /* LaunchScreen.storyboard in Resources */ = {isa = PBXBuildFile; fileRef = 5C11C2922AD461780032220A /* LaunchScreen.storyboard */; };
		5C11C29F2AD461780032220A /* project_hw_iosTests.swift in Sources */ = {isa = PBXBuildFile; fileRef = 5C11C29E2AD461780032220A /* project_hw_iosTests.swift */; };
		5C11C2A92AD461780032220A /* project_hw_iosUITests.swift in Sources */ = {isa = PBXBuildFile; fileRef = 5C11C2A82AD461780032220A /* project_hw_iosUITests.swift */; };
		5C11C2AB2AD461780032220A /* project_hw_iosUITestsLaunchTests.swift in Sources */ = {isa = PBXBuildFile; fileRef = 5C11C2AA2AD461780032220A /* project_hw_iosUITestsLaunchTests.swift */; };
/* End PBXBuildFile section */

/* Begin PBXContainerItemProxy section */
		5C11C29B2AD461780032220A /* PBXContainerItemProxy */ = {
			isa = PBXContainerItemProxy;
			containerPortal = 5C11C27C2AD461770032220A /* Project object */;
			proxyType = 1;
			remoteGlobalIDString = 5C11C2832AD461770032220A;
			remoteInfo = project_hw_ios;
		};
		5C11C2A52AD461780032220A /* PBXContainerItemProxy */ = {
			isa = PBXContainerItemProxy;
			containerPortal = 5C11C27C2AD461770032220A /* Project object */;
			proxyType = 1;
			remoteGlobalIDString = 5C11C2832AD461770032220A;
			remoteInfo = project_hw_ios;
		};
/* End PBXContainerItemProxy section */

/* Begin PBXFileReference section */
		5C11C2842AD461770032220A /* project_hw_ios.app */ = {isa = PBXFileReference; explicitFileType = wrapper.application; includeInIndex = 0; path = project_hw_ios.app; sourceTree = BUILT_PRODUCTS_DIR; };
		5C11C2872AD461770032220A /* AppDelegate.swift */ = {isa = PBXFileReference; lastKnownFileType = sourcecode.swift; path = AppDelegate.swift; sourceTree = "<group>"; };
		5C11C2892AD461770032220A /* SceneDelegate.swift */ = {isa = PBXFileReference; lastKnownFileType = sourcecode.swift; path = SceneDelegate.swift; sourceTree = "<group>"; };
		5C11C28B2AD461770032220A /* ViewController.swift */ = {isa = PBXFileReference; lastKnownFileType = sourcecode.swift; path = ViewController.swift; sourceTree = "<group>"; };
		5C11C28E2AD461770032220A /* Base */ = {isa = PBXFileReference; lastKnownFileType = file.storyboard; name = Base; path = Base.lproj/Main.storyboard; sourceTree = "<group>"; };
		5C11C2902AD461780032220A /* Assets.xcassets */ = {isa = PBXFileReference; lastKnownFileType = folder.assetcatalog; path = Assets.xcassets; sourceTree = "<group>"; };
		5C11C2932AD461780032220A /* Base */ = {isa = PBXFileReference; lastKnownFileType = file.storyboard; name = Base; path = Base.lproj/LaunchScreen.storyboard; sourceTree = "<group>"; };
		5C11C2952AD461780032220A /* Info.plist */ = {isa = PBXFileReference; lastKnownFileType = text.plist.xml; path = Info.plist; sourceTree = "<group>"; };
		5C11C29A2AD461780032220A /* project_hw_iosTests.xctest */ = {isa = PBXFileReference; explicitFileType = wrapper.cfbundle; includeInIndex = 0; path = project_hw_iosTests.xctest; sourceTree = BUILT_PRODUCTS_DIR; };
		5C11C29E2AD461780032220A /* project_hw_iosTests.swift */ = {isa = PBXFileReference; lastKnownFileType = sourcecode.swift; path = project_hw_iosTests.swift; sourceTree = "<group>"; };
		5C11C2A42AD461780032220A /* project_hw_iosUITests.xctest */ = {isa = PBXFileReference; explicitFileType = wrapper.cfbundle; includeInIndex = 0; path = project_hw_iosUITests.xctest; sourceTree = BUILT_PRODUCTS_DIR; };
		5C11C2A82AD461780032220A /* project_hw_iosUITests.swift */ = {isa = PBXFileReference; lastKnownFileType = sourcecode.swift; path = project_hw_iosUITests.swift; sourceTree = "<group>"; };
		5C11C2AA2AD461780032220A /* project_hw_iosUITestsLaunchTests.swift */ = {isa = PBXFileReference; lastKnownFileType = sourcecode.swift; path = project_hw_iosUITestsLaunchTests.swift; sourceTree = "<group>"; };
/* End PBXFileReference section */

/* Begin PBXFrameworksBuildPhase section */
		5C11C2812AD461770032220A /* Frameworks */ = {
			isa = PBXFrameworksBuildPhase;
			buildActionMask = 2147483647;
			files = (
			);
			runOnlyForDeploymentPostprocessing = 0;
		};
		5C11C2972AD461780032220A /* Frameworks */ = {
			isa = PBXFrameworksBuildPhase;
			buildActionMask = 2147483647;
			files = (
			);
			runOnlyForDeploymentPostprocessing = 0;
		};
		5C11C2A12AD461780032220A /* Frameworks */ = {
			isa = PBXFrameworksBuildPhase;
			buildActionMask = 2147483647;
			files = (
			);
			runOnlyForDeploymentPostprocessing = 0;
		};
/* End PBXFrameworksBuildPhase section */

/* Begin PBXGroup section */
		5C11C27B2AD461770032220A = {
			isa = PBXGroup;
			children = (
				5C11C2862AD461770032220A /* project_hw_ios */,
				5C11C29D2AD461780032220A /* project_hw_iosTests */,
				5C11C2A72AD461780032220A /* project_hw_iosUITests */,
				5C11C2852AD461770032220A /* Products */,
			);
			sourceTree = "<group>";
		};
		5C11C2852AD461770032220A /* Products */ = {
			isa = PBXGroup;
			children = (
				5C11C2842AD461770032220A /* project_hw_ios.app */,
				5C11C29A2AD461780032220A /* project_hw_iosTests.xctest */,
				5C11C2A42AD461780032220A /* project_hw_iosUITests.xctest */,
			);
			name = Products;
			sourceTree = "<group>";
		};
		5C11C2862AD461770032220A /* project_hw_ios */ = {
			isa = PBXGroup;
			children = (
				5C11C2872AD461770032220A /* AppDelegate.swift */,
				5C11C2892AD461770032220A /* SceneDelegate.swift */,
				5C11C28B2AD461770032220A /* ViewController.swift */,
				5C11C28D2AD461770032220A /* Main.storyboard */,
				5C11C2902AD461780032220A /* Assets.xcassets */,
				5C11C2922AD461780032220A /* LaunchScreen.storyboard */,
				5C11C2952AD461780032220A /* Info.plist */,
			);
			path = project_hw_ios;
			sourceTree = "<group>";
		};
		5C11C29D2AD461780032220A /* project_hw_iosTests */ = {
			isa = PBXGroup;
			children = (
				5C11C29E2AD461780032220A /* project_hw_iosTests.swift */,
			);
			path = project_hw_iosTests;
			sourceTree = "<group>";
		};
		5C11C2A72AD461780032220A /* project_hw_iosUITests */ = {
			isa = PBXGroup;
			children = (
				5C11C2A82AD461780032220A /* project_hw_iosUITests.swift */,
				5C11C2AA2AD461780032220A /* project_hw_iosUITestsLaunchTests.swift */,
			);
			path = project_hw_iosUITests;
			sourceTree = "<group>";
		};
/* End PBXGroup section */

/* Begin PBXNativeTarget section */
		5C11C2832AD461770032220A /* project_hw_ios */ = {
			isa = PBXNativeTarget;
			buildConfigurationList = 5C11C2AE2AD461780032220A /* Build configuration list for PBXNativeTarget "project_hw_ios" */;
			buildPhases = (
				5C11C2802AD461770032220A /* Sources */,
				5C11C2812AD461770032220A /* Frameworks */,
				5C11C2822AD461770032220A /* Resources */,
			);
			buildRules = (
			);
			dependencies = (
			);
			name = project_hw_ios;
			productName = project_hw_ios;
			productReference = 5C11C2842AD461770032220A /* project_hw_ios.app */;
			productType = "com.apple.product-type.application";
		};
		5C11C2992AD461780032220A /* project_hw_iosTests */ = {
			isa = PBXNativeTarget;
			buildConfigurationList = 5C11C2B12AD461780032220A /* Build configuration list for PBXNativeTarget "project_hw_iosTests" */;
			buildPhases = (
				5C11C2962AD461780032220A /* Sources */,
				5C11C2972AD461780032220A /* Frameworks */,
				5C11C2982AD461780032220A /* Resources */,
			);
			buildRules = (
			);
			dependencies = (
				5C11C29C2AD461780032220A /* PBXTargetDependency */,
			);
			name = project_hw_iosTests;
			productName = project_hw_iosTests;
			productReference = 5C11C29A2AD461780032220A /* project_hw_iosTests.xctest */;
			productType = "com.apple.product-type.bundle.unit-test";
		};
		5C11C2A32AD461780032220A /* project_hw_iosUITests */ = {
			isa = PBXNativeTarget;
			buildConfigurationList = 5C11C2B42AD461780032220A /* Build configuration list for PBXNativeTarget "project_hw_iosUITests" */;
			buildPhases = (
				5C11C2A02AD461780032220A /* Sources */,
				5C11C2A12AD461780032220A /* Frameworks */,
				5C11C2A22AD461780032220A /* Resources */,
			);
			buildRules = (
			);
			dependencies = (
				5C11C2A62AD461780032220A /* PBXTargetDependency */,
			);
			name = project_hw_iosUITests;
			productName = project_hw_iosUITests;
			productReference = 5C11C2A42AD461780032220A /* project_hw_iosUITests.xctest */;
			productType = "com.apple.product-type.bundle.ui-testing";
		};
/* End PBXNativeTarget section */

/* Begin PBXProject section */
		5C11C27C2AD461770032220A /* Project object */ = {
			isa = PBXProject;
			attributes = {
				BuildIndependentTargetsInParallel = 1;
				LastSwiftUpdateCheck = 1500;
				LastUpgradeCheck = 1500;
				TargetAttributes = {
					5C11C2832AD461770032220A = {
						CreatedOnToolsVersion = 15.0;
					};
					5C11C2992AD461780032220A = {
						CreatedOnToolsVersion = 15.0;
						TestTargetID = 5C11C2832AD461770032220A;
					};
					5C11C2A32AD461780032220A = {
						CreatedOnToolsVersion = 15.0;
						TestTargetID = 5C11C2832AD461770032220A;
					};
				};
			};
			buildConfigurationList = 5C11C27F2AD461770032220A /* Build configuration list for PBXProject "project_hw_ios" */;
			compatibilityVersion = "Xcode 14.0";
			developmentRegion = en;
			hasScannedForEncodings = 0;
			knownRegions = (
				en,
				Base,
			);
			mainGroup = 5C11C27B2AD461770032220A;
			productRefGroup = 5C11C2852AD461770032220A /* Products */;
			projectDirPath = "";
			projectRoot = "";
			targets = (
				5C11C2832AD461770032220A /* project_hw_ios */,
				5C11C2992AD461780032220A /* project_hw_iosTests */,
				5C11C2A32AD461780032220A /* project_hw_iosUITests */,
			);
		};
/* End PBXProject section */

/* Begin PBXResourcesBuildPhase section */
		5C11C2822AD461770032220A /* Resources */ = {
			isa = PBXResourcesBuildPhase;
			buildActionMask = 2147483647;
			files = (
				5C11C2942AD461780032220A /* LaunchScreen.storyboard in Resources */,
				5C11C2912AD461780032220A /* Assets.xcassets in Resources */,
				5C11C28F2AD461770032220A /* Main.storyboard in Resources */,
			);
			runOnlyForDeploymentPostprocessing = 0;
		};
		5C11C2982AD461780032220A /* Resources */ = {
			isa = PBXResourcesBuildPhase;
			buildActionMask = 2147483647;
			files = (
			);
			runOnlyForDeploymentPostprocessing = 0;
		};
		5C11C2A22AD461780032220A /* Resources */ = {
			isa = PBXResourcesBuildPhase;
			buildActionMask = 2147483647;
			files = (
			);
			runOnlyForDeploymentPostprocessing = 0;
		};
/* End PBXResourcesBuildPhase section */

/* Begin PBXSourcesBuildPhase section */
		5C11C2802AD461770032220A /* Sources */ = {
			isa = PBXSourcesBuildPhase;
			buildActionMask = 2147483647;
			files = (
				5C11C28C2AD461770032220A /* ViewController.swift in Sources */,
				5C11C2882AD461770032220A /* AppDelegate.swift in Sources */,
				5C11C28A2AD461770032220A /* SceneDelegate.swift in Sources */,
			);
			runOnlyForDeploymentPostprocessing = 0;
		};
		5C11C2962AD461780032220A /* Sources */ = {
			isa = PBXSourcesBuildPhase;
			buildActionMask = 2147483647;
			files = (
				5C11C29F2AD461780032220A /* project_hw_iosTests.swift in Sources */,
			);
			runOnlyForDeploymentPostprocessing = 0;
		};
		5C11C2A02AD461780032220A /* Sources */ = {
			isa = PBXSourcesBuildPhase;
			buildActionMask = 2147483647;
			files = (
				5C11C2A92AD461780032220A /* project_hw_iosUITests.swift in Sources */,
				5C11C2AB2AD461780032220A /* project_hw_iosUITestsLaunchTests.swift in Sources */,
			);
			runOnlyForDeploymentPostprocessing = 0;
		};
/* End PBXSourcesBuildPhase section */

/* Begin PBXTargetDependency section */
		5C11C29C2AD461780032220A /* PBXTargetDependency */ = {
			isa = PBXTargetDependency;
			target = 5C11C2832AD461770032220A /* project_hw_ios */;
			targetProxy = 5C11C29B2AD461780032220A /* PBXContainerItemProxy */;
		};
		5C11C2A62AD461780032220A /* PBXTargetDependency */ = {
			isa = PBXTargetDependency;
			target = 5C11C2832AD461770032220A /* project_hw_ios */;
			targetProxy = 5C11C2A52AD461780032220A /* PBXContainerItemProxy */;
		};
/* End PBXTargetDependency section */

/* Begin PBXVariantGroup section */
		5C11C28D2AD461770032220A /* Main.storyboard */ = {
			isa = PBXVariantGroup;
			children = (
				5C11C28E2AD461770032220A /* Base */,
			);
			name = Main.storyboard;
			sourceTree = "<group>";
		};
		5C11C2922AD461780032220A /* LaunchScreen.storyboard */ = {
			isa = PBXVariantGroup;
			children = (
				5C11C2932AD461780032220A /* Base */,
			);
			name = LaunchScreen.storyboard;
			sourceTree = "<group>";
		};
/* End PBXVariantGroup section */

/* Begin XCBuildConfiguration section */
		5C11C2AC2AD461780032220A /* Debug */ = {
			isa = XCBuildConfiguration;
			buildSettings = {
				ALWAYS_SEARCH_USER_PATHS = NO;
				ASSETCATALOG_COMPILER_GENERATE_SWIFT_ASSET_SYMBOL_EXTENSIONS = YES;
				CLANG_ANALYZER_NONNULL = YES;
				CLANG_ANALYZER_NUMBER_OBJECT_CONVERSION = YES_AGGRESSIVE;
				CLANG_CXX_LANGUAGE_STANDARD = "gnu++20";
				CLANG_ENABLE_MODULES = YES;
				CLANG_ENABLE_OBJC_ARC = YES;
				CLANG_ENABLE_OBJC_WEAK = YES;
				CLANG_WARN_BLOCK_CAPTURE_AUTORELEASING = YES;
				CLANG_WARN_BOOL_CONVERSION = YES;
				CLANG_WARN_COMMA = YES;
				CLANG_WARN_CONSTANT_CONVERSION = YES;
				CLANG_WARN_DEPRECATED_OBJC_IMPLEMENTATIONS = YES;
				CLANG_WARN_DIRECT_OBJC_ISA_USAGE = YES_ERROR;
				CLANG_WARN_DOCUMENTATION_COMMENTS = YES;
				CLANG_WARN_EMPTY_BODY = YES;
				CLANG_WARN_ENUM_CONVERSION = YES;
				CLANG_WARN_INFINITE_RECURSION = YES;
				CLANG_WARN_INT_CONVERSION = YES;
				CLANG_WARN_NON_LITERAL_NULL_CONVERSION = YES;
				CLANG_WARN_OBJC_IMPLICIT_RETAIN_SELF = YES;
				CLANG_WARN_OBJC_LITERAL_CONVERSION = YES;
				CLANG_WARN_OBJC_ROOT_CLASS = YES_ERROR;
				CLANG_WARN_QUOTED_INCLUDE_IN_FRAMEWORK_HEADER = YES;
				CLANG_WARN_RANGE_LOOP_ANALYSIS = YES;
				CLANG_WARN_STRICT_PROTOTYPES = YES;
				CLANG_WARN_SUSPICIOUS_MOVE = YES;
				CLANG_WARN_UNGUARDED_AVAILABILITY = YES_AGGRESSIVE;
				CLANG_WARN_UNREACHABLE_CODE = YES;
				CLANG_WARN__DUPLICATE_METHOD_MATCH = YES;
				COPY_PHASE_STRIP = NO;
				DEBUG_INFORMATION_FORMAT = dwarf;
				ENABLE_STRICT_OBJC_MSGSEND = YES;
				ENABLE_TESTABILITY = YES;
				ENABLE_USER_SCRIPT_SANDBOXING = YES;
				GCC_C_LANGUAGE_STANDARD = gnu17;
				GCC_DYNAMIC_NO_PIC = NO;
				GCC_NO_COMMON_BLOCKS = YES;
				GCC_OPTIMIZATION_LEVEL = 0;
				GCC_PREPROCESSOR_DEFINITIONS = (
					"DEBUG=1",
					"$(inherited)",
				);
				GCC_WARN_64_TO_32_BIT_CONVERSION = YES;
				GCC_WARN_ABOUT_RETURN_TYPE = YES_ERROR;
				GCC_WARN_UNDECLARED_SELECTOR = YES;
				GCC_WARN_UNINITIALIZED_AUTOS = YES_AGGRESSIVE;
				GCC_WARN_UNUSED_FUNCTION = YES;
				GCC_WARN_UNUSED_VARIABLE = YES;
				IPHONEOS_DEPLOYMENT_TARGET = 17.0;
				LOCALIZATION_PREFERS_STRING_CATALOGS = YES;
				MTL_ENABLE_DEBUG_INFO = INCLUDE_SOURCE;
				MTL_FAST_MATH = YES;
				ONLY_ACTIVE_ARCH = YES;
				SDKROOT = iphoneos;
				SWIFT_ACTIVE_COMPILATION_CONDITIONS = "DEBUG $(inherited)";
				SWIFT_OPTIMIZATION_LEVEL = "-Onone";
			};
			name = Debug;
		};
		5C11C2AD2AD461780032220A /* Release */ = {
			isa = XCBuildConfiguration;
			buildSettings = {
				ALWAYS_SEARCH_USER_PATHS = NO;
				ASSETCATALOG_COMPILER_GENERATE_SWIFT_ASSET_SYMBOL_EXTENSIONS = YES;
				CLANG_ANALYZER_NONNULL = YES;
				CLANG_ANALYZER_NUMBER_OBJECT_CONVERSION = YES_AGGRESSIVE;
				CLANG_CXX_LANGUAGE_STANDARD = "gnu++20";
				CLANG_ENABLE_MODULES = YES;
				CLANG_ENABLE_OBJC_ARC = YES;
				CLANG_ENABLE_OBJC_WEAK = YES;
				CLANG_WARN_BLOCK_CAPTURE_AUTORELEASING = YES;
				CLANG_WARN_BOOL_CONVERSION = YES;
				CLANG_WARN_COMMA = YES;
				CLANG_WARN_CONSTANT_CONVERSION = YES;
				CLANG_WARN_DEPRECATED_OBJC_IMPLEMENTATIONS = YES;
				CLANG_WARN_DIRECT_OBJC_ISA_USAGE = YES_ERROR;
				CLANG_WARN_DOCUMENTATION_COMMENTS = YES;
				CLANG_WARN_EMPTY_BODY = YES;
				CLANG_WARN_ENUM_CONVERSION = YES;
				CLANG_WARN_INFINITE_RECURSION = YES;
				CLANG_WARN_INT_CONVERSION = YES;
				CLANG_WARN_NON_LITERAL_NULL_CONVERSION = YES;
				CLANG_WARN_OBJC_IMPLICIT_RETAIN_SELF = YES;
				CLANG_WARN_OBJC_LITERAL_CONVERSION = YES;
				CLANG_WARN_OBJC_ROOT_CLASS = YES_ERROR;
				CLANG_WARN_QUOTED_INCLUDE_IN_FRAMEWORK_HEADER = YES;
				CLANG_WARN_RANGE_LOOP_ANALYSIS = YES;
				CLANG_WARN_STRICT_PROTOTYPES = YES;
				CLANG_WARN_SUSPICIOUS_MOVE = YES;
				CLANG_WARN_UNGUARDED_AVAILABILITY = YES_AGGRESSIVE;
				CLANG_WARN_UNREACHABLE_CODE = YES;
				CLANG_WARN__DUPLICATE_METHOD_MATCH = YES;
				COPY_PHASE_STRIP = NO;
				DEBUG_INFORMATION_FORMAT = "dwarf-with-dsym";
				ENABLE_NS_ASSERTIONS = NO;
				ENABLE_STRICT_OBJC_MSGSEND = YES;
				ENABLE_USER_SCRIPT_SANDBOXING = YES;
				GCC_C_LANGUAGE_STANDARD = gnu17;
				GCC_NO_COMMON_BLOCKS = YES;
				GCC_WARN_64_TO_32_BIT_CONVERSION = YES;
				GCC_WARN_ABOUT_RETURN_TYPE = YES_ERROR;
				GCC_WARN_UNDECLARED_SELECTOR = YES;
				GCC_WARN_UNINITIALIZED_AUTOS = YES_AGGRESSIVE;
				GCC_WARN_UNUSED_FUNCTION = YES;
				GCC_WARN_UNUSED_VARIABLE = YES;
				IPHONEOS_DEPLOYMENT_TARGET = 17.0;
				LOCALIZATION_PREFERS_STRING_CATALOGS = YES;
				MTL_ENABLE_DEBUG_INFO = NO;
				MTL_FAST_MATH = YES;
				SDKROOT = iphoneos;
				SWIFT_COMPILATION_MODE = wholemodule;
				VALIDATE_PRODUCT = YES;
			};
			name = Release;
		};
		5C11C2AF2AD461780032220A /* Debug */ = {
			isa = XCBuildConfiguration;
			buildSettings = {
				ASSETCATALOG_COMPILER_APPICON_NAME = AppIcon;
				ASSETCATALOG_COMPILER_GLOBAL_ACCENT_COLOR_NAME = AccentColor;
				CODE_SIGN_STYLE = Automatic;
				CURRENT_PROJECT_VERSION = 1;
				DEVELOPMENT_TEAM = T8B297KFDY;
				GENERATE_INFOPLIST_FILE = YES;
				INFOPLIST_FILE = project_hw_ios/Info.plist;
				INFOPLIST_KEY_UIApplicationSupportsIndirectInputEvents = YES;
				INFOPLIST_KEY_UILaunchStoryboardName = LaunchScreen;
				INFOPLIST_KEY_UIMainStoryboardFile = Main;
				INFOPLIST_KEY_UISupportedInterfaceOrientations_iPad = "UIInterfaceOrientationPortrait UIInterfaceOrientationPortraitUpsideDown UIInterfaceOrientationLandscapeLeft UIInterfaceOrientationLandscapeRight";
				INFOPLIST_KEY_UISupportedInterfaceOrientations_iPhone = "UIInterfaceOrientationPortrait UIInterfaceOrientationLandscapeLeft UIInterfaceOrientationLandscapeRight";
				LD_RUNPATH_SEARCH_PATHS = (
					"$(inherited)",
					"@executable_path/Frameworks",
				);
				MARKETING_VERSION = 1.0;
				PRODUCT_BUNDLE_IDENTIFIER = "-.project-hw-ios";
				PRODUCT_NAME = "$(TARGET_NAME)";
				SWIFT_EMIT_LOC_STRINGS = YES;
				SWIFT_VERSION = 5.0;
				TARGETED_DEVICE_FAMILY = "1,2";
			};
			name = Debug;
		};
		5C11C2B02AD461780032220A /* Release */ = {
			isa = XCBuildConfiguration;
			buildSettings = {
				ASSETCATALOG_COMPILER_APPICON_NAME = AppIcon;
				ASSETCATALOG_COMPILER_GLOBAL_ACCENT_COLOR_NAME = AccentColor;
				CODE_SIGN_STYLE = Automatic;
				CURRENT_PROJECT_VERSION = 1;
				DEVELOPMENT_TEAM = T8B297KFDY;
				GENERATE_INFOPLIST_FILE = YES;
				INFOPLIST_FILE = project_hw_ios/Info.plist;
				INFOPLIST_KEY_UIApplicationSupportsIndirectInputEvents = YES;
				INFOPLIST_KEY_UILaunchStoryboardName = LaunchScreen;
				INFOPLIST_KEY_UIMainStoryboardFile = Main;
				INFOPLIST_KEY_UISupportedInterfaceOrientations_iPad = "UIInterfaceOrientationPortrait UIInterfaceOrientationPortraitUpsideDown UIInterfaceOrientationLandscapeLeft UIInterfaceOrientationLandscapeRight";
				INFOPLIST_KEY_UISupportedInterfaceOrientations_iPhone = "UIInterfaceOrientationPortrait UIInterfaceOrientationLandscapeLeft UIInterfaceOrientationLandscapeRight";
				LD_RUNPATH_SEARCH_PATHS = (
					"$(inherited)",
					"@executable_path/Frameworks",
				);
				MARKETING_VERSION = 1.0;
				PRODUCT_BUNDLE_IDENTIFIER = "-.project-hw-ios";
				PRODUCT_NAME = "$(TARGET_NAME)";
				SWIFT_EMIT_LOC_STRINGS = YES;
				SWIFT_VERSION = 5.0;
				TARGETED_DEVICE_FAMILY = "1,2";
			};
			name = Release;
		};
		5C11C2B22AD461780032220A /* Debug */ = {
			isa = XCBuildConfiguration;
			buildSettings = {
				ALWAYS_EMBED_SWIFT_STANDARD_LIBRARIES = YES;
				BUNDLE_LOADER = "$(TEST_HOST)";
				CODE_SIGN_STYLE = Automatic;
				CURRENT_PROJECT_VERSION = 1;
				DEVELOPMENT_TEAM = T8B297KFDY;
				GENERATE_INFOPLIST_FILE = YES;
				IPHONEOS_DEPLOYMENT_TARGET = 17.0;
				MARKETING_VERSION = 1.0;
				PRODUCT_BUNDLE_IDENTIFIER = "-.project-hw-iosTests";
				PRODUCT_NAME = "$(TARGET_NAME)";
				SWIFT_EMIT_LOC_STRINGS = NO;
				SWIFT_VERSION = 5.0;
				TARGETED_DEVICE_FAMILY = "1,2";
				TEST_HOST = "$(BUILT_PRODUCTS_DIR)/project_hw_ios.app/$(BUNDLE_EXECUTABLE_FOLDER_PATH)/project_hw_ios";
			};
			name = Debug;
		};
		5C11C2B32AD461780032220A /* Release */ = {
			isa = XCBuildConfiguration;
			buildSettings = {
				ALWAYS_EMBED_SWIFT_STANDARD_LIBRARIES = YES;
				BUNDLE_LOADER = "$(TEST_HOST)";
				CODE_SIGN_STYLE = Automatic;
				CURRENT_PROJECT_VERSION = 1;
				DEVELOPMENT_TEAM = T8B297KFDY;
				GENERATE_INFOPLIST_FILE = YES;
				IPHONEOS_DEPLOYMENT_TARGET = 17.0;
				MARKETING_VERSION = 1.0;
				PRODUCT_BUNDLE_IDENTIFIER = "-.project-hw-iosTests";
				PRODUCT_NAME = "$(TARGET_NAME)";
				SWIFT_EMIT_LOC_STRINGS = NO;
				SWIFT_VERSION = 5.0;
				TARGETED_DEVICE_FAMILY = "1,2";
				TEST_HOST = "$(BUILT_PRODUCTS_DIR)/project_hw_ios.app/$(BUNDLE_EXECUTABLE_FOLDER_PATH)/project_hw_ios";
			};
			name = Release;
		};
		5C11C2B52AD461780032220A /* Debug */ = {
			isa = XCBuildConfiguration;
			buildSettings = {
				ALWAYS_EMBED_SWIFT_STANDARD_LIBRARIES = YES;
				CODE_SIGN_STYLE = Automatic;
				CURRENT_PROJECT_VERSION = 1;
				DEVELOPMENT_TEAM = T8B297KFDY;
				GENERATE_INFOPLIST_FILE = YES;
				MARKETING_VERSION = 1.0;
				PRODUCT_BUNDLE_IDENTIFIER = "-.project-hw-iosUITests";
				PRODUCT_NAME = "$(TARGET_NAME)";
				SWIFT_EMIT_LOC_STRINGS = NO;
				SWIFT_VERSION = 5.0;
				TARGETED_DEVICE_FAMILY = "1,2";
				TEST_TARGET_NAME = project_hw_ios;
			};
			name = Debug;
		};
		5C11C2B62AD461780032220A /* Release */ = {
			isa = XCBuildConfiguration;
			buildSettings = {
				ALWAYS_EMBED_SWIFT_STANDARD_LIBRARIES = YES;
				CODE_SIGN_STYLE = Automatic;
				CURRENT_PROJECT_VERSION = 1;
				DEVELOPMENT_TEAM = T8B297KFDY;
				GENERATE_INFOPLIST_FILE = YES;
				MARKETING_VERSION = 1.0;
				PRODUCT_BUNDLE_IDENTIFIER = "-.project-hw-iosUITests";
				PRODUCT_NAME = "$(TARGET_NAME)";
				SWIFT_EMIT_LOC_STRINGS = NO;
				SWIFT_VERSION = 5.0;
				TARGETED_DEVICE_FAMILY = "1,2";
				TEST_TARGET_NAME = project_hw_ios;
			};
			name = Release;
		};
/* End XCBuildConfiguration section */

/* Begin XCConfigurationList section */
		5C11C27F2AD461770032220A /* Build configuration list for PBXProject "project_hw_ios" */ = {
			isa = XCConfigurationList;
			buildConfigurations = (
				5C11C2AC2AD461780032220A /* Debug */,
				5C11C2AD2AD461780032220A /* Release */,
			);
			defaultConfigurationIsVisible = 0;
			defaultConfigurationName = Release;
		};
		5C11C2AE2AD461780032220A /* Build configuration list for PBXNativeTarget "project_hw_ios" */ = {
			isa = XCConfigurationList;
			buildConfigurations = (
				5C11C2AF2AD461780032220A /* Debug */,
				5C11C2B02AD461780032220A /* Release */,
			);
			defaultConfigurationIsVisible = 0;
			defaultConfigurationName = Release;
		};
		5C11C2B12AD461780032220A /* Build configuration list for PBXNativeTarget "project_hw_iosTests" */ = {
			isa = XCConfigurationList;
			buildConfigurations = (
				5C11C2B22AD461780032220A /* Debug */,
				5C11C2B32AD461780032220A /* Release */,
			);
			defaultConfigurationIsVisible = 0;
			defaultConfigurationName = Release;
		};
		5C11C2B42AD461780032220A /* Build configuration list for PBXNativeTarget "project_hw_iosUITests" */ = {
			isa = XCConfigurationList;
			buildConfigurations = (
				5C11C2B52AD461780032220A /* Debug */,
				5C11C2B62AD461780032220A /* Release */,
			);
			defaultConfigurationIsVisible = 0;
			defaultConfigurationName = Release;
		};
/* End XCConfigurationList section */
	};
	rootObject = 5C11C27C2AD461770032220A /* Project object */;
}
